
Microsoft Visual Studio Solution File, Format Version 12.00
# Visual Studio 2012
Project("{FAE04EC0-301F-11D3-BF4B-00C04F79EFBC}") = "AsciiArt", "AsciiArt\AsciiArt.csproj", "{5844F794-F34B-4ACC-8453-1242C70AB71C}"
EndProject
Project("{FAE04EC0-301F-11D3-BF4B-00C04F79EFBC}") = "SymbolSelectorTest", "SymbolSelectorTest\SymbolSelectorTest.csproj", "{CDC93038-5886-4563-B93B-DA8D5FD7D78A}"
EndProject
Global
	GlobalSection(SolutionConfigurationPlatforms) = preSolution
		Debug|Any CPU = Debug|Any CPU
		Release|Any CPU = Release|Any CPU
	EndGlobalSection
	GlobalSection(ProjectConfigurationPlatforms) = postSolution
		{5844F794-F34B-4ACC-8453-1242C70AB71C}.Debug|Any CPU.ActiveCfg = Debug|Any CPU
		{5844F794-F34B-4ACC-8453-1242C70AB71C}.Debug|Any CPU.Build.0 = Debug|Any CPU
		{5844F794-F34B-4ACC-8453-1242C70AB71C}.Release|Any CPU.ActiveCfg = Release|Any CPU
		{5844F794-F34B-4ACC-8453-1242C70AB71C}.Release|Any CPU.Build.0 = Release|Any CPU
		{CDC93038-5886-4563-B93B-DA8D5FD7D78A}.Debug|Any CPU.ActiveCfg = Debug|Any CPU
		{CDC93038-5886-4563-B93B-DA8D5FD7D78A}.Debug|Any CPU.Build.0 = Debug|Any CPU
		{CDC93038-5886-4563-B93B-DA8D5FD7D78A}.Release|Any CPU.ActiveCfg = Release|Any CPU
		{CDC93038-5886-4563-B93B-DA8D5FD7D78A}.Release|Any CPU.Build.0 = Release|Any CPU
	EndGlobalSection
	GlobalSection(SolutionProperties) = preSolution
		HideSolutionNode = FALSE
	EndGlobalSection
EndGlobal
